
Microsoft Visual Studio Solution File, Format Version 12.00
# Visual Studio Version 17
VisualStudioVersion = 17.1.32319.34
MinimumVisualStudioVersion = 10.0.40219.1
Project("{FAE04EC0-301F-11D3-BF4B-00C04F79EFBC}") = "Task15LINQ", "Task15LINQ\Task15LINQ.csproj", "{154FDD49-FB27-4B59-BF36-EDB878C0320D}"
EndProject
Global
	GlobalSection(SolutionConfigurationPlatforms) = preSolution
		Debug|Any CPU = Debug|Any CPU
		Release|Any CPU = Release|Any CPU
	EndGlobalSection
	GlobalSection(ProjectConfigurationPlatforms) = postSolution
		{154FDD49-FB27-4B59-BF36-EDB878C0320D}.Debug|Any CPU.ActiveCfg = Debug|Any CPU
		{154FDD49-FB27-4B59-BF36-EDB878C0320D}.Debug|Any CPU.Build.0 = Debug|Any CPU
		{154FDD49-FB27-4B59-BF36-EDB878C0320D}.Release|Any CPU.ActiveCfg = Release|Any CPU
		{154FDD49-FB27-4B59-BF36-EDB878C0320D}.Release|Any CPU.Build.0 = Release|Any CPU
	EndGlobalSection
	GlobalSection(SolutionProperties) = preSolution
		HideSolutionNode = FALSE
	EndGlobalSection
	GlobalSection(ExtensibilityGlobals) = postSolution
		SolutionGuid = {A4D81AB7-E7E3-48A9-BCEA-B7385B40737A}
	EndGlobalSection
EndGlobal
